
Microsoft Visual Studio Solution File, Format Version 12.00
# Visual Studio Version 17
VisualStudioVersion = 17.3.32804.467
MinimumVisualStudioVersion = 10.0.40219.1
Project("{9A19103F-16F7-4668-BE54-9A1E7A4F7556}") = "BookOnline", "BookOnline\BookOnline.csproj", "{4A22A035-E8BA-4BD0-A21C-C69241A66102}"
EndProject
Project("{2150E333-8FDC-42A3-9474-1A3956D46DE8}") = "Data", "Data", "{05803261-D710-41C3-BBEA-CDDF91088510}"
EndProject
Global
	GlobalSection(SolutionConfigurationPlatforms) = preSolution
		Debug|Any CPU = Debug|Any CPU
		Release|Any CPU = Release|Any CPU
	EndGlobalSection
	GlobalSection(ProjectConfigurationPlatforms) = postSolution
		{4A22A035-E8BA-4BD0-A21C-C69241A66102}.Debug|Any CPU.ActiveCfg = Debug|Any CPU
		{4A22A035-E8BA-4BD0-A21C-C69241A66102}.Debug|Any CPU.Build.0 = Debug|Any CPU
		{4A22A035-E8BA-4BD0-A21C-C69241A66102}.Release|Any CPU.ActiveCfg = Release|Any CPU
		{4A22A035-E8BA-4BD0-A21C-C69241A66102}.Release|Any CPU.Build.0 = Release|Any CPU
	EndGlobalSection
	GlobalSection(SolutionProperties) = preSolution
		HideSolutionNode = FALSE
	EndGlobalSection
	GlobalSection(ExtensibilityGlobals) = postSolution
		SolutionGuid = {270185D8-DFAE-4D34-BA5F-36FA76EC5E71}
	EndGlobalSection
EndGlobal
